
Microsoft Visual Studio Solution File, Format Version 12.00
# Visual Studio Version 16
VisualStudioVersion = 16.0.29418.71
MinimumVisualStudioVersion = 10.0.40219.1
Project("{FAE04EC0-301F-11D3-BF4B-00C04F79EFBC}") = "WorksShop.Web", "WorksShopInitial\WorksShop.Web.csproj", "{77316D0D-F325-43D8-8885-175CC1D823BA}"
EndProject
Project("{FAE04EC0-301F-11D3-BF4B-00C04F79EFBC}") = "WorkShop.Models", "WorkShop.Models\WorkShop.Models.csproj", "{D05405FC-C92B-4402-B9F4-1253404E7CCC}"
EndProject
Project("{FAE04EC0-301F-11D3-BF4B-00C04F79EFBC}") = "WorkShop.Data", "WorkShop.Data\WorkShop.Data.csproj", "{C079BC91-D2E0-4177-9BA7-44695441848B}"
EndProject
Project("{FAE04EC0-301F-11D3-BF4B-00C04F79EFBC}") = "WorkShop.Services", "WorkShop.Services\WorkShop.Services.csproj", "{F6B7EEFA-F201-44E0-887C-7ABDE90A27D2}"
EndProject
Global
	GlobalSection(SolutionConfigurationPlatforms) = preSolution
		Debug|Any CPU = Debug|Any CPU
		Release|Any CPU = Release|Any CPU
	EndGlobalSection
	GlobalSection(ProjectConfigurationPlatforms) = postSolution
		{77316D0D-F325-43D8-8885-175CC1D823BA}.Debug|Any CPU.ActiveCfg = Debug|Any CPU
		{77316D0D-F325-43D8-8885-175CC1D823BA}.Debug|Any CPU.Build.0 = Debug|Any CPU
		{77316D0D-F325-43D8-8885-175CC1D823BA}.Release|Any CPU.ActiveCfg = Release|Any CPU
		{77316D0D-F325-43D8-8885-175CC1D823BA}.Release|Any CPU.Build.0 = Release|Any CPU
		{D05405FC-C92B-4402-B9F4-1253404E7CCC}.Debug|Any CPU.ActiveCfg = Debug|Any CPU
		{D05405FC-C92B-4402-B9F4-1253404E7CCC}.Debug|Any CPU.Build.0 = Debug|Any CPU
		{D05405FC-C92B-4402-B9F4-1253404E7CCC}.Release|Any CPU.ActiveCfg = Release|Any CPU
		{D05405FC-C92B-4402-B9F4-1253404E7CCC}.Release|Any CPU.Build.0 = Release|Any CPU
		{C079BC91-D2E0-4177-9BA7-44695441848B}.Debug|Any CPU.ActiveCfg = Debug|Any CPU
		{C079BC91-D2E0-4177-9BA7-44695441848B}.Debug|Any CPU.Build.0 = Debug|Any CPU
		{C079BC91-D2E0-4177-9BA7-44695441848B}.Release|Any CPU.ActiveCfg = Release|Any CPU
		{C079BC91-D2E0-4177-9BA7-44695441848B}.Release|Any CPU.Build.0 = Release|Any CPU
		{F6B7EEFA-F201-44E0-887C-7ABDE90A27D2}.Debug|Any CPU.ActiveCfg = Debug|Any CPU
		{F6B7EEFA-F201-44E0-887C-7ABDE90A27D2}.Debug|Any CPU.Build.0 = Debug|Any CPU
		{F6B7EEFA-F201-44E0-887C-7ABDE90A27D2}.Release|Any CPU.ActiveCfg = Release|Any CPU
		{F6B7EEFA-F201-44E0-887C-7ABDE90A27D2}.Release|Any CPU.Build.0 = Release|Any CPU
	EndGlobalSection
	GlobalSection(SolutionProperties) = preSolution
		HideSolutionNode = FALSE
	EndGlobalSection
	GlobalSection(ExtensibilityGlobals) = postSolution
		SolutionGuid = {18272167-68EA-45A6-BF36-C35F60CCD6CF}
	EndGlobalSection
EndGlobal
